// !$*UTF8*$!
{
	archiveVersion = 1;
	classes = {
	};
	objectVersion = 56;
	objects = {

/* Begin PBXBuildFile section */
		F39C03352A6312800067C31F /* ToDoListApp.swift in Sources */ = {isa = PBXBuildFile; fileRef = F39C03342A6312800067C31F /* ToDoListApp.swift */; };
		F39C03372A6312800067C31F /* MainView.swift in Sources */ = {isa = PBXBuildFile; fileRef = F39C03362A6312800067C31F /* MainView.swift */; };
		F39C03392A6312810067C31F /* Assets.xcassets in Resources */ = {isa = PBXBuildFile; fileRef = F39C03382A6312810067C31F /* Assets.xcassets */; };
		F39C033C2A6312810067C31F /* Preview Assets.xcassets in Resources */ = {isa = PBXBuildFile; fileRef = F39C033B2A6312810067C31F /* Preview Assets.xcassets */; };
		F39C03432A6319730067C31F /* GoogleService-Info.plist in Resources */ = {isa = PBXBuildFile; fileRef = F39C03422A6319730067C31F /* GoogleService-Info.plist */; };
		F39C03462A631B4A0067C31F /* FirebaseAuth in Frameworks */ = {isa = PBXBuildFile; productRef = F39C03452A631B4A0067C31F /* FirebaseAuth */; };
		F39C03482A631B4A0067C31F /* FirebaseFirestore in Frameworks */ = {isa = PBXBuildFile; productRef = F39C03472A631B4A0067C31F /* FirebaseFirestore */; };
		F39C034A2A631B4A0067C31F /* FirebaseFirestoreSwift in Frameworks */ = {isa = PBXBuildFile; productRef = F39C03492A631B4A0067C31F /* FirebaseFirestoreSwift */; };
		F39C03502A6324C40067C31F /* ProfileView.swift in Sources */ = {isa = PBXBuildFile; fileRef = F39C034F2A6324C40067C31F /* ProfileView.swift */; };
		F39C03522A6325230067C31F /* ToDoListView.swift in Sources */ = {isa = PBXBuildFile; fileRef = F39C03512A6325230067C31F /* ToDoListView.swift */; };
		F39C03542A63254B0067C31F /* NewItemView.swift in Sources */ = {isa = PBXBuildFile; fileRef = F39C03532A63254B0067C31F /* NewItemView.swift */; };
		F39C03562A6325610067C31F /* LoginView.swift in Sources */ = {isa = PBXBuildFile; fileRef = F39C03552A6325610067C31F /* LoginView.swift */; };
		F39C03582A63256A0067C31F /* RegisterView.swift in Sources */ = {isa = PBXBuildFile; fileRef = F39C03572A63256A0067C31F /* RegisterView.swift */; };
		F39C035A2A6325A20067C31F /* ToDoListItemView.swift in Sources */ = {isa = PBXBuildFile; fileRef = F39C03592A6325A20067C31F /* ToDoListItemView.swift */; };
		F39C035C2A63264D0067C31F /* User.swift in Sources */ = {isa = PBXBuildFile; fileRef = F39C035B2A63264D0067C31F /* User.swift */; };
		F39C035E2A6326620067C31F /* ToDoListItem.swift in Sources */ = {isa = PBXBuildFile; fileRef = F39C035D2A6326620067C31F /* ToDoListItem.swift */; };
		F39C03602A63269F0067C31F /* MainViewViewModel.swift in Sources */ = {isa = PBXBuildFile; fileRef = F39C035F2A63269F0067C31F /* MainViewViewModel.swift */; };
		F39C03622A6326A90067C31F /* ProfileViewViewModel.swift in Sources */ = {isa = PBXBuildFile; fileRef = F39C03612A6326A90067C31F /* ProfileViewViewModel.swift */; };
		F39C03642A6326B70067C31F /* ToDoListViewViewModel.swift in Sources */ = {isa = PBXBuildFile; fileRef = F39C03632A6326B70067C31F /* ToDoListViewViewModel.swift */; };
		F39C03662A6326C50067C31F /* NewItemViewViewModel.swift in Sources */ = {isa = PBXBuildFile; fileRef = F39C03652A6326C50067C31F /* NewItemViewViewModel.swift */; };
		F39C03682A6326D30067C31F /* LoginViewViewModel.swift in Sources */ = {isa = PBXBuildFile; fileRef = F39C03672A6326D30067C31F /* LoginViewViewModel.swift */; };
		F39C036A2A6326FB0067C31F /* RegisterViewViewModel.swift in Sources */ = {isa = PBXBuildFile; fileRef = F39C03692A6326FB0067C31F /* RegisterViewViewModel.swift */; };
		F39C036C2A6327290067C31F /* ToDoListItemViewViewModel.swift in Sources */ = {isa = PBXBuildFile; fileRef = F39C036B2A6327290067C31F /* ToDoListItemViewViewModel.swift */; };
		F39C036E2A635ECC0067C31F /* HeaderView.swift in Sources */ = {isa = PBXBuildFile; fileRef = F39C036D2A635ECC0067C31F /* HeaderView.swift */; };
		F39C03722A638E7C0067C31F /* TLButton.swift in Sources */ = {isa = PBXBuildFile; fileRef = F39C03712A638E7C0067C31F /* TLButton.swift */; };
		F39C03742A63A8060067C31F /* Extensions.swift in Sources */ = {isa = PBXBuildFile; fileRef = F39C03732A63A8060067C31F /* Extensions.swift */; };
		F39C03762A64A0410067C31F /* Launch Screen.storyboard in Resources */ = {isa = PBXBuildFile; fileRef = F39C03752A64A0410067C31F /* Launch Screen.storyboard */; };
/* End PBXBuildFile section */

/* Begin PBXFileReference section */
		F39C03312A6312800067C31F /* ToDoList.app */ = {isa = PBXFileReference; explicitFileType = wrapper.application; includeInIndex = 0; path = ToDoList.app; sourceTree = BUILT_PRODUCTS_DIR; };
		F39C03342A6312800067C31F /* ToDoListApp.swift */ = {isa = PBXFileReference; lastKnownFileType = sourcecode.swift; path = ToDoListApp.swift; sourceTree = "<group>"; };
		F39C03362A6312800067C31F /* MainView.swift */ = {isa = PBXFileReference; lastKnownFileType = sourcecode.swift; path = MainView.swift; sourceTree = "<group>"; };
		F39C03382A6312810067C31F /* Assets.xcassets */ = {isa = PBXFileReference; lastKnownFileType = folder.assetcatalog; path = Assets.xcassets; sourceTree = "<group>"; };
		F39C033B2A6312810067C31F /* Preview Assets.xcassets */ = {isa = PBXFileReference; lastKnownFileType = folder.assetcatalog; path = "Preview Assets.xcassets"; sourceTree = "<group>"; };
		F39C03422A6319730067C31F /* GoogleService-Info.plist */ = {isa = PBXFileReference; fileEncoding = 4; lastKnownFileType = text.plist.xml; path = "GoogleService-Info.plist"; sourceTree = "<group>"; };
		F39C034F2A6324C40067C31F /* ProfileView.swift */ = {isa = PBXFileReference; lastKnownFileType = sourcecode.swift; path = ProfileView.swift; sourceTree = "<group>"; };
		F39C03512A6325230067C31F /* ToDoListView.swift */ = {isa = PBXFileReference; lastKnownFileType = sourcecode.swift; path = ToDoListView.swift; sourceTree = "<group>"; };
		F39C03532A63254B0067C31F /* NewItemView.swift */ = {isa = PBXFileReference; lastKnownFileType = sourcecode.swift; path = NewItemView.swift; sourceTree = "<group>"; };
		F39C03552A6325610067C31F /* LoginView.swift */ = {isa = PBXFileReference; lastKnownFileType = sourcecode.swift; path = LoginView.swift; sourceTree = "<group>"; };
		F39C03572A63256A0067C31F /* RegisterView.swift */ = {isa = PBXFileReference; lastKnownFileType = sourcecode.swift; path = RegisterView.swift; sourceTree = "<group>"; };
		F39C03592A6325A20067C31F /* ToDoListItemView.swift */ = {isa = PBXFileReference; lastKnownFileType = sourcecode.swift; path = ToDoListItemView.swift; sourceTree = "<group>"; };
		F39C035B2A63264D0067C31F /* User.swift */ = {isa = PBXFileReference; lastKnownFileType = sourcecode.swift; path = User.swift; sourceTree = "<group>"; };
		F39C035D2A6326620067C31F /* ToDoListItem.swift */ = {isa = PBXFileReference; lastKnownFileType = sourcecode.swift; path = ToDoListItem.swift; sourceTree = "<group>"; };
		F39C035F2A63269F0067C31F /* MainViewViewModel.swift */ = {isa = PBXFileReference; lastKnownFileType = sourcecode.swift; path = MainViewViewModel.swift; sourceTree = "<group>"; };
		F39C03612A6326A90067C31F /* ProfileViewViewModel.swift */ = {isa = PBXFileReference; lastKnownFileType = sourcecode.swift; path = ProfileViewViewModel.swift; sourceTree = "<group>"; };
		F39C03632A6326B70067C31F /* ToDoListViewViewModel.swift */ = {isa = PBXFileReference; lastKnownFileType = sourcecode.swift; path = ToDoListViewViewModel.swift; sourceTree = "<group>"; };
		F39C03652A6326C50067C31F /* NewItemViewViewModel.swift */ = {isa = PBXFileReference; lastKnownFileType = sourcecode.swift; path = NewItemViewViewModel.swift; sourceTree = "<group>"; };
		F39C03672A6326D30067C31F /* LoginViewViewModel.swift */ = {isa = PBXFileReference; lastKnownFileType = sourcecode.swift; path = LoginViewViewModel.swift; sourceTree = "<group>"; };
		F39C03692A6326FB0067C31F /* RegisterViewViewModel.swift */ = {isa = PBXFileReference; lastKnownFileType = sourcecode.swift; path = RegisterViewViewModel.swift; sourceTree = "<group>"; };
		F39C036B2A6327290067C31F /* ToDoListItemViewViewModel.swift */ = {isa = PBXFileReference; lastKnownFileType = sourcecode.swift; path = ToDoListItemViewViewModel.swift; sourceTree = "<group>"; };
		F39C036D2A635ECC0067C31F /* HeaderView.swift */ = {isa = PBXFileReference; lastKnownFileType = sourcecode.swift; path = HeaderView.swift; sourceTree = "<group>"; };
		F39C03712A638E7C0067C31F /* TLButton.swift */ = {isa = PBXFileReference; lastKnownFileType = sourcecode.swift; path = TLButton.swift; sourceTree = "<group>"; };
		F39C03732A63A8060067C31F /* Extensions.swift */ = {isa = PBXFileReference; lastKnownFileType = sourcecode.swift; path = Extensions.swift; sourceTree = "<group>"; };
		F39C03752A64A0410067C31F /* Launch Screen.storyboard */ = {isa = PBXFileReference; lastKnownFileType = file.storyboard; path = "Launch Screen.storyboard"; sourceTree = "<group>"; };
/* End PBXFileReference section */

/* Begin PBXFrameworksBuildPhase section */
		F39C032E2A6312800067C31F /* Frameworks */ = {
			isa = PBXFrameworksBuildPhase;
			buildActionMask = 2147483647;
			files = (
				F39C03462A631B4A0067C31F /* FirebaseAuth in Frameworks */,
				F39C03482A631B4A0067C31F /* FirebaseFirestore in Frameworks */,
				F39C034A2A631B4A0067C31F /* FirebaseFirestoreSwift in Frameworks */,
			);
			runOnlyForDeploymentPostprocessing = 0;
		};
/* End PBXFrameworksBuildPhase section */

/* Begin PBXGroup section */
		F39C03282A6312800067C31F = {
			isa = PBXGroup;
			children = (
				F39C03332A6312800067C31F /* ToDoList */,
				F39C03322A6312800067C31F /* Products */,
			);
			sourceTree = "<group>";
		};
		F39C03322A6312800067C31F /* Products */ = {
			isa = PBXGroup;
			children = (
				F39C03312A6312800067C31F /* ToDoList.app */,
			);
			name = Products;
			sourceTree = "<group>";
		};
		F39C03332A6312800067C31F /* ToDoList */ = {
			isa = PBXGroup;
			children = (
				F39C034B2A6322220067C31F /* Views */,
				F39C034E2A6323370067C31F /* Other */,
				F39C034D2A6323220067C31F /* Models */,
				F39C034C2A6322FD0067C31F /* ViewModels */,
				F39C033A2A6312810067C31F /* Preview Content */,
			);
			path = ToDoList;
			sourceTree = "<group>";
		};
		F39C033A2A6312810067C31F /* Preview Content */ = {
			isa = PBXGroup;
			children = (
				F39C033B2A6312810067C31F /* Preview Assets.xcassets */,
			);
			path = "Preview Content";
			sourceTree = "<group>";
		};
		F39C034B2A6322220067C31F /* Views */ = {
			isa = PBXGroup;
			children = (
				F39C03362A6312800067C31F /* MainView.swift */,
				F39C034F2A6324C40067C31F /* ProfileView.swift */,
				F39C03512A6325230067C31F /* ToDoListView.swift */,
				F39C036D2A635ECC0067C31F /* HeaderView.swift */,
				F39C03532A63254B0067C31F /* NewItemView.swift */,
				F39C03552A6325610067C31F /* LoginView.swift */,
				F39C03712A638E7C0067C31F /* TLButton.swift */,
				F39C03572A63256A0067C31F /* RegisterView.swift */,
				F39C03592A6325A20067C31F /* ToDoListItemView.swift */,
			);
			path = Views;
			sourceTree = "<group>";
		};
		F39C034C2A6322FD0067C31F /* ViewModels */ = {
			isa = PBXGroup;
			children = (
				F39C035F2A63269F0067C31F /* MainViewViewModel.swift */,
				F39C03612A6326A90067C31F /* ProfileViewViewModel.swift */,
				F39C03632A6326B70067C31F /* ToDoListViewViewModel.swift */,
				F39C03652A6326C50067C31F /* NewItemViewViewModel.swift */,
				F39C03672A6326D30067C31F /* LoginViewViewModel.swift */,
				F39C03692A6326FB0067C31F /* RegisterViewViewModel.swift */,
				F39C036B2A6327290067C31F /* ToDoListItemViewViewModel.swift */,
			);
			path = ViewModels;
			sourceTree = "<group>";
		};
		F39C034D2A6323220067C31F /* Models */ = {
			isa = PBXGroup;
			children = (
				F39C035B2A63264D0067C31F /* User.swift */,
				F39C035D2A6326620067C31F /* ToDoListItem.swift */,
			);
			path = Models;
			sourceTree = "<group>";
		};
		F39C034E2A6323370067C31F /* Other */ = {
			isa = PBXGroup;
			children = (
				F39C03382A6312810067C31F /* Assets.xcassets */,
				F39C03422A6319730067C31F /* GoogleService-Info.plist */,
				F39C03752A64A0410067C31F /* Launch Screen.storyboard */,
				F39C03732A63A8060067C31F /* Extensions.swift */,
				F39C03342A6312800067C31F /* ToDoListApp.swift */,
			);
			path = Other;
			sourceTree = "<group>";
		};
/* End PBXGroup section */

/* Begin PBXNativeTarget section */
		F39C03302A6312800067C31F /* ToDoList */ = {
			isa = PBXNativeTarget;
			buildConfigurationList = F39C033F2A6312810067C31F /* Build configuration list for PBXNativeTarget "ToDoList" */;
			buildPhases = (
				F39C032D2A6312800067C31F /* Sources */,
				F39C032E2A6312800067C31F /* Frameworks */,
				F39C032F2A6312800067C31F /* Resources */,
			);
			buildRules = (
			);
			dependencies = (
			);
			name = ToDoList;
			packageProductDependencies = (
				F39C03452A631B4A0067C31F /* FirebaseAuth */,
				F39C03472A631B4A0067C31F /* FirebaseFirestore */,
				F39C03492A631B4A0067C31F /* FirebaseFirestoreSwift */,
			);
			productName = ToDoList;
			productReference = F39C03312A6312800067C31F /* ToDoList.app */;
			productType = "com.apple.product-type.application";
		};
/* End PBXNativeTarget section */

/* Begin PBXProject section */
		F39C03292A6312800067C31F /* Project object */ = {
			isa = PBXProject;
			attributes = {
				BuildIndependentTargetsInParallel = 1;
				LastSwiftUpdateCheck = 1430;
				LastUpgradeCheck = 1430;
				TargetAttributes = {
					F39C03302A6312800067C31F = {
						CreatedOnToolsVersion = 14.3.1;
					};
				};
			};
			buildConfigurationList = F39C032C2A6312800067C31F /* Build configuration list for PBXProject "ToDoList" */;
			compatibilityVersion = "Xcode 14.0";
			developmentRegion = en;
			hasScannedForEncodings = 0;
			knownRegions = (
				en,
				Base,
			);
			mainGroup = F39C03282A6312800067C31F;
			packageReferences = (
				F39C03442A631B490067C31F /* XCRemoteSwiftPackageReference "firebase-ios-sdk" */,
			);
			productRefGroup = F39C03322A6312800067C31F /* Products */;
			projectDirPath = "";
			projectRoot = "";
			targets = (
				F39C03302A6312800067C31F /* ToDoList */,
			);
		};
/* End PBXProject section */

/* Begin PBXResourcesBuildPhase section */
		F39C032F2A6312800067C31F /* Resources */ = {
			isa = PBXResourcesBuildPhase;
			buildActionMask = 2147483647;
			files = (
				F39C033C2A6312810067C31F /* Preview Assets.xcassets in Resources */,
				F39C03392A6312810067C31F /* Assets.xcassets in Resources */,
				F39C03762A64A0410067C31F /* Launch Screen.storyboard in Resources */,
				F39C03432A6319730067C31F /* GoogleService-Info.plist in Resources */,
			);
			runOnlyForDeploymentPostprocessing = 0;
		};
/* End PBXResourcesBuildPhase section */

/* Begin PBXSourcesBuildPhase section */
		F39C032D2A6312800067C31F /* Sources */ = {
			isa = PBXSourcesBuildPhase;
			buildActionMask = 2147483647;
			files = (
				F39C03562A6325610067C31F /* LoginView.swift in Sources */,
				F39C036E2A635ECC0067C31F /* HeaderView.swift in Sources */,
				F39C03372A6312800067C31F /* MainView.swift in Sources */,
				F39C036A2A6326FB0067C31F /* RegisterViewViewModel.swift in Sources */,
				F39C03602A63269F0067C31F /* MainViewViewModel.swift in Sources */,
				F39C03522A6325230067C31F /* ToDoListView.swift in Sources */,
				F39C03582A63256A0067C31F /* RegisterView.swift in Sources */,
				F39C03722A638E7C0067C31F /* TLButton.swift in Sources */,
				F39C03622A6326A90067C31F /* ProfileViewViewModel.swift in Sources */,
				F39C03502A6324C40067C31F /* ProfileView.swift in Sources */,
				F39C035C2A63264D0067C31F /* User.swift in Sources */,
				F39C035A2A6325A20067C31F /* ToDoListItemView.swift in Sources */,
				F39C03642A6326B70067C31F /* ToDoListViewViewModel.swift in Sources */,
				F39C03682A6326D30067C31F /* LoginViewViewModel.swift in Sources */,
				F39C03352A6312800067C31F /* ToDoListApp.swift in Sources */,
				F39C03742A63A8060067C31F /* Extensions.swift in Sources */,
				F39C035E2A6326620067C31F /* ToDoListItem.swift in Sources */,
				F39C03542A63254B0067C31F /* NewItemView.swift in Sources */,
				F39C03662A6326C50067C31F /* NewItemViewViewModel.swift in Sources */,
				F39C036C2A6327290067C31F /* ToDoListItemViewViewModel.swift in Sources */,
			);
			runOnlyForDeploymentPostprocessing = 0;
		};
/* End PBXSourcesBuildPhase section */

/* Begin XCBuildConfiguration section */
		F39C033D2A6312810067C31F /* Debug */ = {
			isa = XCBuildConfiguration;
			buildSettings = {
				ALWAYS_SEARCH_USER_PATHS = NO;
				CLANG_ANALYZER_NONNULL = YES;
				CLANG_ANALYZER_NUMBER_OBJECT_CONVERSION = YES_AGGRESSIVE;
				CLANG_CXX_LANGUAGE_STANDARD = "gnu++20";
				CLANG_ENABLE_MODULES = YES;
				CLANG_ENABLE_OBJC_ARC = YES;
				CLANG_ENABLE_OBJC_WEAK = YES;
				CLANG_WARN_BLOCK_CAPTURE_AUTORELEASING = YES;
				CLANG_WARN_BOOL_CONVERSION = YES;
				CLANG_WARN_COMMA = YES;
				CLANG_WARN_CONSTANT_CONVERSION = YES;
				CLANG_WARN_DEPRECATED_OBJC_IMPLEMENTATIONS = YES;
				CLANG_WARN_DIRECT_OBJC_ISA_USAGE = YES_ERROR;
				CLANG_WARN_DOCUMENTATION_COMMENTS = YES;
				CLANG_WARN_EMPTY_BODY = YES;
				CLANG_WARN_ENUM_CONVERSION = YES;
				CLANG_WARN_INFINITE_RECURSION = YES;
				CLANG_WARN_INT_CONVERSION = YES;
				CLANG_WARN_NON_LITERAL_NULL_CONVERSION = YES;
				CLANG_WARN_OBJC_IMPLICIT_RETAIN_SELF = YES;
				CLANG_WARN_OBJC_LITERAL_CONVERSION = YES;
				CLANG_WARN_OBJC_ROOT_CLASS = YES_ERROR;
				CLANG_WARN_QUOTED_INCLUDE_IN_FRAMEWORK_HEADER = YES;
				CLANG_WARN_RANGE_LOOP_ANALYSIS = YES;
				CLANG_WARN_STRICT_PROTOTYPES = YES;
				CLANG_WARN_SUSPICIOUS_MOVE = YES;
				CLANG_WARN_UNGUARDED_AVAILABILITY = YES_AGGRESSIVE;
				CLANG_WARN_UNREACHABLE_CODE = YES;
				CLANG_WARN__DUPLICATE_METHOD_MATCH = YES;
				COPY_PHASE_STRIP = NO;
				DEBUG_INFORMATION_FORMAT = dwarf;
				ENABLE_STRICT_OBJC_MSGSEND = YES;
				ENABLE_TESTABILITY = YES;
				GCC_C_LANGUAGE_STANDARD = gnu11;
				GCC_DYNAMIC_NO_PIC = NO;
				GCC_NO_COMMON_BLOCKS = YES;
				GCC_OPTIMIZATION_LEVEL = 0;
				GCC_PREPROCESSOR_DEFINITIONS = (
					"DEBUG=1",
					"$(inherited)",
				);
				GCC_WARN_64_TO_32_BIT_CONVERSION = YES;
				GCC_WARN_ABOUT_RETURN_TYPE = YES_ERROR;
				GCC_WARN_UNDECLARED_SELECTOR = YES;
				GCC_WARN_UNINITIALIZED_AUTOS = YES_AGGRESSIVE;
				GCC_WARN_UNUSED_FUNCTION = YES;
				GCC_WARN_UNUSED_VARIABLE = YES;
				IPHONEOS_DEPLOYMENT_TARGET = 16.4;
				MTL_ENABLE_DEBUG_INFO = INCLUDE_SOURCE;
				MTL_FAST_MATH = YES;
				ONLY_ACTIVE_ARCH = YES;
				SDKROOT = iphoneos;
				SWIFT_ACTIVE_COMPILATION_CONDITIONS = DEBUG;
				SWIFT_OPTIMIZATION_LEVEL = "-Onone";
			};
			name = Debug;
		};
		F39C033E2A6312810067C31F /* Release */ = {
			isa = XCBuildConfiguration;
			buildSettings = {
				ALWAYS_SEARCH_USER_PATHS = NO;
				CLANG_ANALYZER_NONNULL = YES;
				CLANG_ANALYZER_NUMBER_OBJECT_CONVERSION = YES_AGGRESSIVE;
				CLANG_CXX_LANGUAGE_STANDARD = "gnu++20";
				CLANG_ENABLE_MODULES = YES;
				CLANG_ENABLE_OBJC_ARC = YES;
				CLANG_ENABLE_OBJC_WEAK = YES;
				CLANG_WARN_BLOCK_CAPTURE_AUTORELEASING = YES;
				CLANG_WARN_BOOL_CONVERSION = YES;
				CLANG_WARN_COMMA = YES;
				CLANG_WARN_CONSTANT_CONVERSION = YES;
				CLANG_WARN_DEPRECATED_OBJC_IMPLEMENTATIONS = YES;
				CLANG_WARN_DIRECT_OBJC_ISA_USAGE = YES_ERROR;
				CLANG_WARN_DOCUMENTATION_COMMENTS = YES;
				CLANG_WARN_EMPTY_BODY = YES;
				CLANG_WARN_ENUM_CONVERSION = YES;
				CLANG_WARN_INFINITE_RECURSION = YES;
				CLANG_WARN_INT_CONVERSION = YES;
				CLANG_WARN_NON_LITERAL_NULL_CONVERSION = YES;
				CLANG_WARN_OBJC_IMPLICIT_RETAIN_SELF = YES;
				CLANG_WARN_OBJC_LITERAL_CONVERSION = YES;
				CLANG_WARN_OBJC_ROOT_CLASS = YES_ERROR;
				CLANG_WARN_QUOTED_INCLUDE_IN_FRAMEWORK_HEADER = YES;
				CLANG_WARN_RANGE_LOOP_ANALYSIS = YES;
				CLANG_WARN_STRICT_PROTOTYPES = YES;
				CLANG_WARN_SUSPICIOUS_MOVE = YES;
				CLANG_WARN_UNGUARDED_AVAILABILITY = YES_AGGRESSIVE;
				CLANG_WARN_UNREACHABLE_CODE = YES;
				CLANG_WARN__DUPLICATE_METHOD_MATCH = YES;
				COPY_PHASE_STRIP = NO;
				DEBUG_INFORMATION_FORMAT = "dwarf-with-dsym";
				ENABLE_NS_ASSERTIONS = NO;
				ENABLE_STRICT_OBJC_MSGSEND = YES;
				GCC_C_LANGUAGE_STANDARD = gnu11;
				GCC_NO_COMMON_BLOCKS = YES;
				GCC_WARN_64_TO_32_BIT_CONVERSION = YES;
				GCC_WARN_ABOUT_RETURN_TYPE = YES_ERROR;
				GCC_WARN_UNDECLARED_SELECTOR = YES;
				GCC_WARN_UNINITIALIZED_AUTOS = YES_AGGRESSIVE;
				GCC_WARN_UNUSED_FUNCTION = YES;
				GCC_WARN_UNUSED_VARIABLE = YES;
				IPHONEOS_DEPLOYMENT_TARGET = 16.4;
				MTL_ENABLE_DEBUG_INFO = NO;
				MTL_FAST_MATH = YES;
				SDKROOT = iphoneos;
				SWIFT_COMPILATION_MODE = wholemodule;
				SWIFT_OPTIMIZATION_LEVEL = "-O";
				VALIDATE_PRODUCT = YES;
			};
			name = Release;
		};
		F39C03402A6312810067C31F /* Debug */ = {
			isa = XCBuildConfiguration;
			buildSettings = {
				ASSETCATALOG_COMPILER_APPICON_NAME = AppIcon;
				ASSETCATALOG_COMPILER_GLOBAL_ACCENT_COLOR_NAME = AccentColor;
				CODE_SIGN_STYLE = Automatic;
				CURRENT_PROJECT_VERSION = 1;
				DEVELOPMENT_ASSET_PATHS = "\"ToDoList/Preview Content\"";
				DEVELOPMENT_TEAM = 82283CCPC5;
				ENABLE_PREVIEWS = YES;
				GENERATE_INFOPLIST_FILE = YES;
				INFOPLIST_KEY_CFBundleDisplayName = "To Do List";
				INFOPLIST_KEY_UIApplicationSceneManifest_Generation = YES;
				INFOPLIST_KEY_UIApplicationSupportsIndirectInputEvents = YES;
				INFOPLIST_KEY_UILaunchScreen_Generation = YES;
				INFOPLIST_KEY_UILaunchStoryboardName = "Launch Screen.storyboard";
				INFOPLIST_KEY_UISupportedInterfaceOrientations = UIInterfaceOrientationPortrait;
				INFOPLIST_KEY_UISupportedInterfaceOrientations_iPad = "UIInterfaceOrientationPortrait UIInterfaceOrientationPortraitUpsideDown";
				LD_RUNPATH_SEARCH_PATHS = (
					"$(inherited)",
					"@executable_path/Frameworks",
				);
				MARKETING_VERSION = 1.0;
				PRODUCT_BUNDLE_IDENTIFIER = Nayan.ToDoList;
				PRODUCT_NAME = "$(TARGET_NAME)";
				SWIFT_EMIT_LOC_STRINGS = YES;
				SWIFT_VERSION = 5.0;
				TARGETED_DEVICE_FAMILY = "1,2";
			};
			name = Debug;
		};
		F39C03412A6312810067C31F /* Release */ = {
			isa = XCBuildConfiguration;
			buildSettings = {
				ASSETCATALOG_COMPILER_APPICON_NAME = AppIcon;
				ASSETCATALOG_COMPILER_GLOBAL_ACCENT_COLOR_NAME = AccentColor;
				CODE_SIGN_STYLE = Automatic;
				CURRENT_PROJECT_VERSION = 1;
				DEVELOPMENT_ASSET_PATHS = "\"ToDoList/Preview Content\"";
				DEVELOPMENT_TEAM = 82283CCPC5;
				ENABLE_PREVIEWS = YES;
				GENERATE_INFOPLIST_FILE = YES;
				INFOPLIST_KEY_CFBundleDisplayName = "To Do List";
				INFOPLIST_KEY_UIApplicationSceneManifest_Generation = YES;
				INFOPLIST_KEY_UIApplicationSupportsIndirectInputEvents = YES;
				INFOPLIST_KEY_UILaunchScreen_Generation = YES;
				INFOPLIST_KEY_UILaunchStoryboardName = "Launch Screen.storyboard";
				INFOPLIST_KEY_UISupportedInterfaceOrientations = UIInterfaceOrientationPortrait;
				INFOPLIST_KEY_UISupportedInterfaceOrientations_iPad = "UIInterfaceOrientationPortrait UIInterfaceOrientationPortraitUpsideDown";
				LD_RUNPATH_SEARCH_PATHS = (
					"$(inherited)",
					"@executable_path/Frameworks",
				);
				MARKETING_VERSION = 1.0;
				PRODUCT_BUNDLE_IDENTIFIER = Nayan.ToDoList;
				PRODUCT_NAME = "$(TARGET_NAME)";
				SWIFT_EMIT_LOC_STRINGS = YES;
				SWIFT_VERSION = 5.0;
				TARGETED_DEVICE_FAMILY = "1,2";
			};
			name = Release;
		};
/* End XCBuildConfiguration section */

/* Begin XCConfigurationList section */
		F39C032C2A6312800067C31F /* Build configuration list for PBXProject "ToDoList" */ = {
			isa = XCConfigurationList;
			buildConfigurations = (
				F39C033D2A6312810067C31F /* Debug */,
				F39C033E2A6312810067C31F /* Release */,
			);
			defaultConfigurationIsVisible = 0;
			defaultConfigurationName = Release;
		};
		F39C033F2A6312810067C31F /* Build configuration list for PBXNativeTarget "ToDoList" */ = {
			isa = XCConfigurationList;
			buildConfigurations = (
				F39C03402A6312810067C31F /* Debug */,
				F39C03412A6312810067C31F /* Release */,
			);
			defaultConfigurationIsVisible = 0;
			defaultConfigurationName = Release;
		};
/* End XCConfigurationList section */

/* Begin XCRemoteSwiftPackageReference section */
		F39C03442A631B490067C31F /* XCRemoteSwiftPackageReference "firebase-ios-sdk" */ = {
			isa = XCRemoteSwiftPackageReference;
			repositoryURL = "https://github.com/firebase/firebase-ios-sdk";
			requirement = {
				kind = upToNextMajorVersion;
				minimumVersion = 10.0.0;
			};
		};
/* End XCRemoteSwiftPackageReference section */

/* Begin XCSwiftPackageProductDependency section */
		F39C03452A631B4A0067C31F /* FirebaseAuth */ = {
			isa = XCSwiftPackageProductDependency;
			package = F39C03442A631B490067C31F /* XCRemoteSwiftPackageReference "firebase-ios-sdk" */;
			productName = FirebaseAuth;
		};
		F39C03472A631B4A0067C31F /* FirebaseFirestore */ = {
			isa = XCSwiftPackageProductDependency;
			package = F39C03442A631B490067C31F /* XCRemoteSwiftPackageReference "firebase-ios-sdk" */;
			productName = FirebaseFirestore;
		};
		F39C03492A631B4A0067C31F /* FirebaseFirestoreSwift */ = {
			isa = XCSwiftPackageProductDependency;
			package = F39C03442A631B490067C31F /* XCRemoteSwiftPackageReference "firebase-ios-sdk" */;
			productName = FirebaseFirestoreSwift;
		};
/* End XCSwiftPackageProductDependency section */
	};
	rootObject = F39C03292A6312800067C31F /* Project object */;
}
